
Microsoft Visual Studio Solution File, Format Version 12.00
# Visual Studio 2012
Project("{FAE04EC0-301F-11D3-BF4B-00C04F79EFBC}") = "DotNetEngine.Engine", "..\DotNetEngine.Engine\DotNetEngine.Engine.csproj", "{8B6FC2C8-311D-4759-9AB3-8ED2189A7B2A}"
EndProject
Project("{FAE04EC0-301F-11D3-BF4B-00C04F79EFBC}") = "DotNetEngine.Test", "DotNetEngine.Test\DotNetEngine.Test.csproj", "{453FB7B7-F812-4F63-ACE2-BAE5A00E6C83}"
EndProject
Project("{FAE04EC0-301F-11D3-BF4B-00C04F79EFBC}") = "DotNetEngine.EngineRunner", "DotNetEngine.EngineRunner\DotNetEngine.EngineRunner.csproj", "{AFDA832E-B0A3-41DF-B78E-8A511D4E0C78}"
EndProject
Global
	GlobalSection(SolutionConfigurationPlatforms) = preSolution
		Debug|Any CPU = Debug|Any CPU
		Release|Any CPU = Release|Any CPU
	EndGlobalSection
	GlobalSection(ProjectConfigurationPlatforms) = postSolution
		{8B6FC2C8-311D-4759-9AB3-8ED2189A7B2A}.Debug|Any CPU.ActiveCfg = Debug|Any CPU
		{8B6FC2C8-311D-4759-9AB3-8ED2189A7B2A}.Debug|Any CPU.Build.0 = Debug|Any CPU
		{8B6FC2C8-311D-4759-9AB3-8ED2189A7B2A}.Release|Any CPU.ActiveCfg = Release|Any CPU
		{8B6FC2C8-311D-4759-9AB3-8ED2189A7B2A}.Release|Any CPU.Build.0 = Release|Any CPU
		{453FB7B7-F812-4F63-ACE2-BAE5A00E6C83}.Debug|Any CPU.ActiveCfg = Debug|Any CPU
		{453FB7B7-F812-4F63-ACE2-BAE5A00E6C83}.Debug|Any CPU.Build.0 = Debug|Any CPU
		{453FB7B7-F812-4F63-ACE2-BAE5A00E6C83}.Release|Any CPU.ActiveCfg = Release|Any CPU
		{453FB7B7-F812-4F63-ACE2-BAE5A00E6C83}.Release|Any CPU.Build.0 = Release|Any CPU
		{AFDA832E-B0A3-41DF-B78E-8A511D4E0C78}.Debug|Any CPU.ActiveCfg = Debug|Any CPU
		{AFDA832E-B0A3-41DF-B78E-8A511D4E0C78}.Debug|Any CPU.Build.0 = Debug|Any CPU
		{AFDA832E-B0A3-41DF-B78E-8A511D4E0C78}.Release|Any CPU.ActiveCfg = Release|Any CPU
		{AFDA832E-B0A3-41DF-B78E-8A511D4E0C78}.Release|Any CPU.Build.0 = Release|Any CPU
	EndGlobalSection
	GlobalSection(SolutionProperties) = preSolution
		HideSolutionNode = FALSE
	EndGlobalSection
EndGlobal
